
Microsoft Visual Studio Solution File, Format Version 12.00
# Visual Studio Version 17
VisualStudioVersion = 17.11.35222.181
MinimumVisualStudioVersion = 10.0.40219.1
Project("{FAE04EC0-301F-11D3-BF4B-00C04F79EFBC}") = "LibraryGroup", "LibraryGroup.csproj", "{9CB4258C-9821-4647-AF64-0FF436F45628}"
EndProject
Global
	GlobalSection(SolutionConfigurationPlatforms) = preSolution
		Debug|Any CPU = Debug|Any CPU
		Release|Any CPU = Release|Any CPU
	EndGlobalSection
	GlobalSection(ProjectConfigurationPlatforms) = postSolution
		{9CB4258C-9821-4647-AF64-0FF436F45628}.Debug|Any CPU.ActiveCfg = Debug|Any CPU
		{9CB4258C-9821-4647-AF64-0FF436F45628}.Debug|Any CPU.Build.0 = Debug|Any CPU
		{9CB4258C-9821-4647-AF64-0FF436F45628}.Release|Any CPU.ActiveCfg = Release|Any CPU
		{9CB4258C-9821-4647-AF64-0FF436F45628}.Release|Any CPU.Build.0 = Release|Any CPU
	EndGlobalSection
	GlobalSection(SolutionProperties) = preSolution
		HideSolutionNode = FALSE
	EndGlobalSection
	GlobalSection(ExtensibilityGlobals) = postSolution
		SolutionGuid = {F8A7C2B6-1603-4107-9FF2-1A16CF2E3512}
	EndGlobalSection
EndGlobal
